PODS:
  - CentrixlinkGlobal (1.0.0)
  - Masonry (1.1.0)

DEPENDENCIES:
  - CentrixlinkGlobal (from `./`)
  - Masonry

SPEC REPOS:
  https://github.com/cocoapods/specs.git:
    - Masonry

EXTERNAL SOURCES:
  CentrixlinkGlobal:
    :path: "./"

SPEC CHECKSUMS:
  CentrixlinkGlobal: 6d95a8be8f4c7e09c7e2ff1707d29a65cc5f4727
  Masonry: 678fab65091a9290e40e2832a55e7ab731aad201

PODFILE CHECKSUM: c9a84c99aa9d9a34d6c3f3f101851797c9e5dce1

COCOAPODS: 1.5.3
